
Microsoft Visual Studio Solution File, Format Version 12.00
# Visual Studio Version 17
VisualStudioVersion = 17.1.32407.343
MinimumVisualStudioVersion = 10.0.40219.1
Project("{2150E333-8FDC-42A3-9474-1A3956D46DE8}") = "src", "src", "{AFAA0841-BD93-466F-B8F4-FB4EEC86F1FC}"
EndProject
Project("{9A19103F-16F7-4668-BE54-9A1E7A4F7556}") = "WLD.SimpleMes.Core", "src\WLD.SimpleMes.Core\WLD.SimpleMes.Core.csproj", "{0FA75A5B-AB83-4FD0-B545-279774C01E87}"
EndProject
Project("{9A19103F-16F7-4668-BE54-9A1E7A4F7556}") = "WLD.SimpleMes.Application", "src\WLD.SimpleMes.Application\WLD.SimpleMes.Application.csproj", "{3870C648-4AEA-4B85-BA3F-F2F63B96136A}"
EndProject
Project("{9A19103F-16F7-4668-BE54-9A1E7A4F7556}") = "WLD.SimpleMes.Migrator", "src\WLD.SimpleMes.Migrator\WLD.SimpleMes.Migrator.csproj", "{880B3591-E057-46FE-B525-10BD83828B93}"
EndProject
Project("{9A19103F-16F7-4668-BE54-9A1E7A4F7556}") = "WLD.SimpleMes.Web.Host", "src\WLD.SimpleMes.Web.Host\WLD.SimpleMes.Web.Host.csproj", "{38E184BD-E874-4633-A947-AED4FDB73F40}"
EndProject
Project("{9A19103F-16F7-4668-BE54-9A1E7A4F7556}") = "WLD.SimpleMes.Web.Core", "src\WLD.SimpleMes.Web.Core\WLD.SimpleMes.Web.Core.csproj", "{22CFE0D2-8DCA-42D7-AD7D-784C3862493F}"
EndProject
Project("{9A19103F-16F7-4668-BE54-9A1E7A4F7556}") = "WLD.SimpleMes.EntityFrameworkCore", "src\WLD.SimpleMes.EntityFrameworkCore\WLD.SimpleMes.EntityFrameworkCore.csproj", "{E0580562-F8F2-4EBB-B07A-ABFC6F2C314F}"
EndProject
Project("{2150E333-8FDC-42A3-9474-1A3956D46DE8}") = "Solution Items", "Solution Items", "{FDBE1ED9-AAF4-45F4-90D2-BF357CE18199}"
	ProjectSection(SolutionItems) = preProject
		.editorconfig = .editorconfig
	EndProjectSection
EndProject
Project("{9A19103F-16F7-4668-BE54-9A1E7A4F7556}") = "WLD.SimpleMes.WinformClient", "src\WLD.SimpleMes.WinformClient\WLD.SimpleMes.WinformClient.csproj", "{DF125957-183B-4079-9372-6B257F05F907}"
EndProject
Project("{54435603-DBB4-11D2-8724-00A0C9A8B90C}") = "WinformSetup", "WinformSetup\WinformSetup.vdproj", "{C138E336-0DB8-48A2-A0DF-3024A87D56BF}"
EndProject
Project("{9A19103F-16F7-4668-BE54-9A1E7A4F7556}") = "WLD.SimpleMes.Common", "src\WLD.SimpleMes.Common\WLD.SimpleMes.Common.csproj", "{4F4A3AC1-9279-4481-8CC1-40442F20E7B6}"
EndProject
Project("{9A19103F-16F7-4668-BE54-9A1E7A4F7556}") = "WLD.SimpleMes.SAPSDK", "src\WLD.SimpleMes.SAPSDK\WLD.SimpleMes.SAPSDK.csproj", "{26D0913D-E1FC-4C1C-8C9B-305E3B29B58A}"
EndProject
Global
	GlobalSection(SolutionConfigurationPlatforms) = preSolution
		All|Any CPU = All|Any CPU
		Debug|Any CPU = Debug|Any CPU
		Release|Any CPU = Release|Any CPU
	EndGlobalSection
	GlobalSection(ProjectConfigurationPlatforms) = postSolution
		{0FA75A5B-AB83-4FD0-B545-279774C01E87}.All|Any CPU.ActiveCfg = Release|Any CPU
		{0FA75A5B-AB83-4FD0-B545-279774C01E87}.All|Any CPU.Build.0 = Release|Any CPU
		{0FA75A5B-AB83-4FD0-B545-279774C01E87}.Debug|Any CPU.ActiveCfg = Debug|Any CPU
		{0FA75A5B-AB83-4FD0-B545-279774C01E87}.Debug|Any CPU.Build.0 = Debug|Any CPU
		{0FA75A5B-AB83-4FD0-B545-279774C01E87}.Release|Any CPU.ActiveCfg = Release|Any CPU
		{0FA75A5B-AB83-4FD0-B545-279774C01E87}.Release|Any CPU.Build.0 = Release|Any CPU
		{3870C648-4AEA-4B85-BA3F-F2F63B96136A}.All|Any CPU.ActiveCfg = Release|Any CPU
		{3870C648-4AEA-4B85-BA3F-F2F63B96136A}.All|Any CPU.Build.0 = Release|Any CPU
		{3870C648-4AEA-4B85-BA3F-F2F63B96136A}.Debug|Any CPU.ActiveCfg = Debug|Any CPU
		{3870C648-4AEA-4B85-BA3F-F2F63B96136A}.Debug|Any CPU.Build.0 = Debug|Any CPU
		{3870C648-4AEA-4B85-BA3F-F2F63B96136A}.Release|Any CPU.ActiveCfg = Release|Any CPU
		{3870C648-4AEA-4B85-BA3F-F2F63B96136A}.Release|Any CPU.Build.0 = Release|Any CPU
		{880B3591-E057-46FE-B525-10BD83828B93}.All|Any CPU.ActiveCfg = Release|Any CPU
		{880B3591-E057-46FE-B525-10BD83828B93}.All|Any CPU.Build.0 = Release|Any CPU
		{880B3591-E057-46FE-B525-10BD83828B93}.Debug|Any CPU.ActiveCfg = Debug|Any CPU
		{880B3591-E057-46FE-B525-10BD83828B93}.Debug|Any CPU.Build.0 = Debug|Any CPU
		{880B3591-E057-46FE-B525-10BD83828B93}.Release|Any CPU.ActiveCfg = Release|Any CPU
		{880B3591-E057-46FE-B525-10BD83828B93}.Release|Any CPU.Build.0 = Release|Any CPU
		{38E184BD-E874-4633-A947-AED4FDB73F40}.All|Any CPU.ActiveCfg = Release|Any CPU
		{38E184BD-E874-4633-A947-AED4FDB73F40}.All|Any CPU.Build.0 = Release|Any CPU
		{38E184BD-E874-4633-A947-AED4FDB73F40}.Debug|Any CPU.ActiveCfg = Debug|Any CPU
		{38E184BD-E874-4633-A947-AED4FDB73F40}.Debug|Any CPU.Build.0 = Debug|Any CPU
		{38E184BD-E874-4633-A947-AED4FDB73F40}.Release|Any CPU.ActiveCfg = Release|Any CPU
		{38E184BD-E874-4633-A947-AED4FDB73F40}.Release|Any CPU.Build.0 = Release|Any CPU
		{22CFE0D2-8DCA-42D7-AD7D-784C3862493F}.All|Any CPU.ActiveCfg = Release|Any CPU
		{22CFE0D2-8DCA-42D7-AD7D-784C3862493F}.All|Any CPU.Build.0 = Release|Any CPU
		{22CFE0D2-8DCA-42D7-AD7D-784C3862493F}.Debug|Any CPU.ActiveCfg = Debug|Any CPU
		{22CFE0D2-8DCA-42D7-AD7D-784C3862493F}.Debug|Any CPU.Build.0 = Debug|Any CPU
		{22CFE0D2-8DCA-42D7-AD7D-784C3862493F}.Release|Any CPU.ActiveCfg = Release|Any CPU
		{22CFE0D2-8DCA-42D7-AD7D-784C3862493F}.Release|Any CPU.Build.0 = Release|Any CPU
		{E0580562-F8F2-4EBB-B07A-ABFC6F2C314F}.All|Any CPU.ActiveCfg = Release|Any CPU
		{E0580562-F8F2-4EBB-B07A-ABFC6F2C314F}.All|Any CPU.Build.0 = Release|Any CPU
		{E0580562-F8F2-4EBB-B07A-ABFC6F2C314F}.Debug|Any CPU.ActiveCfg = Debug|Any CPU
		{E0580562-F8F2-4EBB-B07A-ABFC6F2C314F}.Debug|Any CPU.Build.0 = Debug|Any CPU
		{E0580562-F8F2-4EBB-B07A-ABFC6F2C314F}.Release|Any CPU.ActiveCfg = Release|Any CPU
		{E0580562-F8F2-4EBB-B07A-ABFC6F2C314F}.Release|Any CPU.Build.0 = Release|Any CPU
		{DF125957-183B-4079-9372-6B257F05F907}.All|Any CPU.ActiveCfg = Release|Any CPU
		{DF125957-183B-4079-9372-6B257F05F907}.All|Any CPU.Build.0 = Release|Any CPU
		{DF125957-183B-4079-9372-6B257F05F907}.Debug|Any CPU.ActiveCfg = Debug|Any CPU
		{DF125957-183B-4079-9372-6B257F05F907}.Debug|Any CPU.Build.0 = Debug|Any CPU
		{DF125957-183B-4079-9372-6B257F05F907}.Release|Any CPU.ActiveCfg = Release|Any CPU
		{DF125957-183B-4079-9372-6B257F05F907}.Release|Any CPU.Build.0 = Release|Any CPU
		{C138E336-0DB8-48A2-A0DF-3024A87D56BF}.All|Any CPU.ActiveCfg = Debug
		{C138E336-0DB8-48A2-A0DF-3024A87D56BF}.Debug|Any CPU.ActiveCfg = Debug
		{C138E336-0DB8-48A2-A0DF-3024A87D56BF}.Release|Any CPU.ActiveCfg = Release
		{4F4A3AC1-9279-4481-8CC1-40442F20E7B6}.All|Any CPU.ActiveCfg = Debug|Any CPU
		{4F4A3AC1-9279-4481-8CC1-40442F20E7B6}.All|Any CPU.Build.0 = Debug|Any CPU
		{4F4A3AC1-9279-4481-8CC1-40442F20E7B6}.Debug|Any CPU.ActiveCfg = Debug|Any CPU
		{4F4A3AC1-9279-4481-8CC1-40442F20E7B6}.Debug|Any CPU.Build.0 = Debug|Any CPU
		{4F4A3AC1-9279-4481-8CC1-40442F20E7B6}.Release|Any CPU.ActiveCfg = Release|Any CPU
		{4F4A3AC1-9279-4481-8CC1-40442F20E7B6}.Release|Any CPU.Build.0 = Release|Any CPU
		{26D0913D-E1FC-4C1C-8C9B-305E3B29B58A}.All|Any CPU.ActiveCfg = Debug|Any CPU
		{26D0913D-E1FC-4C1C-8C9B-305E3B29B58A}.All|Any CPU.Build.0 = Debug|Any CPU
		{26D0913D-E1FC-4C1C-8C9B-305E3B29B58A}.Debug|Any CPU.ActiveCfg = Debug|Any CPU
		{26D0913D-E1FC-4C1C-8C9B-305E3B29B58A}.Debug|Any CPU.Build.0 = Debug|Any CPU
		{26D0913D-E1FC-4C1C-8C9B-305E3B29B58A}.Release|Any CPU.ActiveCfg = Release|Any CPU
		{26D0913D-E1FC-4C1C-8C9B-305E3B29B58A}.Release|Any CPU.Build.0 = Release|Any CPU
	EndGlobalSection
	GlobalSection(SolutionProperties) = preSolution
		HideSolutionNode = FALSE
	EndGlobalSection
	GlobalSection(NestedProjects) = preSolution
		{0FA75A5B-AB83-4FD0-B545-279774C01E87} = {AFAA0841-BD93-466F-B8F4-FB4EEC86F1FC}
		{3870C648-4AEA-4B85-BA3F-F2F63B96136A} = {AFAA0841-BD93-466F-B8F4-FB4EEC86F1FC}
		{880B3591-E057-46FE-B525-10BD83828B93} = {AFAA0841-BD93-466F-B8F4-FB4EEC86F1FC}
		{38E184BD-E874-4633-A947-AED4FDB73F40} = {AFAA0841-BD93-466F-B8F4-FB4EEC86F1FC}
		{22CFE0D2-8DCA-42D7-AD7D-784C3862493F} = {AFAA0841-BD93-466F-B8F4-FB4EEC86F1FC}
		{E0580562-F8F2-4EBB-B07A-ABFC6F2C314F} = {AFAA0841-BD93-466F-B8F4-FB4EEC86F1FC}
		{DF125957-183B-4079-9372-6B257F05F907} = {AFAA0841-BD93-466F-B8F4-FB4EEC86F1FC}
		{C138E336-0DB8-48A2-A0DF-3024A87D56BF} = {AFAA0841-BD93-466F-B8F4-FB4EEC86F1FC}
		{4F4A3AC1-9279-4481-8CC1-40442F20E7B6} = {AFAA0841-BD93-466F-B8F4-FB4EEC86F1FC}
		{26D0913D-E1FC-4C1C-8C9B-305E3B29B58A} = {AFAA0841-BD93-466F-B8F4-FB4EEC86F1FC}
	EndGlobalSection
	GlobalSection(ExtensibilityGlobals) = postSolution
		SolutionGuid = {9A55C749-0BFF-4EFD-8499-12A2CB3B5B07}
	EndGlobalSection
EndGlobal
